
Microsoft Visual Studio Solution File, Format Version 12.00
Project("{2150E333-8FDC-42A3-9474-1A3956D46DE8}") = "2020", "2020", "{17A72CE3-E1CA-42F1-904D-D9D8483A6F4A}"
EndProject
Project("{FAE04EC0-301F-11D3-BF4B-00C04F79EFBC}") = "AdventOfCode.2020.Day3", "2020\AdventOfCode.2020.Day3\AdventOfCode.2020.Day3.csproj", "{E1A02576-27E1-45E6-9A03-E1DAD5347AB1}"
EndProject
Project("{FAE04EC0-301F-11D3-BF4B-00C04F79EFBC}") = "AdventOfCode.2020.Day1", "2020\AdventOfCode.2020.Day1\AdventOfCode.2020.Day1.csproj", "{DD484A39-86A4-4FA4-9EE9-055753CAFD09}"
EndProject
Project("{FAE04EC0-301F-11D3-BF4B-00C04F79EFBC}") = "AdventOfCode.2020.Day2", "2020\AdventOfCode.2020.Day2\AdventOfCode.2020.Day2.csproj", "{5CF3DCE6-792A-4DF8-A1C5-9DC40119EBEF}"
EndProject
Project("{FAE04EC0-301F-11D3-BF4B-00C04F79EFBC}") = "AdventOfCode.2020.Day4", "2020\AdventOfCode.2020.Day4\AdventOfCode.2020.Day4.csproj", "{F465712F-B447-471D-92EF-44C223F7ED23}"
EndProject
Project("{FAE04EC0-301F-11D3-BF4B-00C04F79EFBC}") = "AdventOfCode.2020.Day5", "2020\AdventOfCode.2020.Day5\AdventOfCode.2020.Day5.csproj", "{49478F94-541C-48FC-8BBF-3D485397405E}"
EndProject
Project("{FAE04EC0-301F-11D3-BF4B-00C04F79EFBC}") = "AdventOfCode.2020.Day6", "2020\AdventOfCode.2020.Day6\AdventOfCode.2020.Day6.csproj", "{AEBBD328-3D2D-446E-9670-6F109BF3CEF1}"
EndProject
Project("{FAE04EC0-301F-11D3-BF4B-00C04F79EFBC}") = "AdventOfCode.2020.Day7", "2020\AdventOfCode.2020.Day7\AdventOfCode.2020.Day7.csproj", "{0D525530-E9AB-477D-A4B4-ED9952AAD029}"
EndProject
Project("{FAE04EC0-301F-11D3-BF4B-00C04F79EFBC}") = "AdventOfCode.2020.Day8", "2020\AdventOfCode.2020.Day8\AdventOfCode.2020.Day8.csproj", "{10EFACA9-2601-4034-B15B-5B084CCFB64B}"
EndProject
Project("{FAE04EC0-301F-11D3-BF4B-00C04F79EFBC}") = "AdventOfCode.2020.Day9", "2020\AdventOfCode.2020.Day9\AdventOfCode.2020.Day9.csproj", "{35E4A940-5614-4456-AD27-F9145668AE11}"
EndProject
Project("{FAE04EC0-301F-11D3-BF4B-00C04F79EFBC}") = "AdventOfCode.2020.Day10", "2020\AdventOfCode.2020.Day10\AdventOfCode.2020.Day10.csproj", "{9C98E959-9150-4BA5-85A6-CBEE0733E9A9}"
EndProject
Project("{FAE04EC0-301F-11D3-BF4B-00C04F79EFBC}") = "AdventOfCode.2020.Day11", "2020\AdventOfCode.2020.Day11\AdventOfCode.2020.Day11.csproj", "{C0898819-76A9-4D31-A55F-E0BB10A45366}"
EndProject
Project("{FAE04EC0-301F-11D3-BF4B-00C04F79EFBC}") = "AdventOfCode.2020.Day12", "2020\AdventOfCode.2020.Day12\AdventOfCode.2020.Day12.csproj", "{8E4D36C2-23B8-4003-AD23-4F87A4121AA8}"
EndProject
Project("{FAE04EC0-301F-11D3-BF4B-00C04F79EFBC}") = "AdventOfCode.2020.Day13", "2020\AdventOfCode.2020.Day13\AdventOfCode.2020.Day13.csproj", "{52B78DA2-6BA0-41F0-A8A6-A841B863A2F1}"
EndProject
Project("{FAE04EC0-301F-11D3-BF4B-00C04F79EFBC}") = "AdventOfCode.2020.Day14", "2020\AdventOfCode.2020.Day14\AdventOfCode.2020.Day14.csproj", "{0919EFA1-E66E-43C2-A385-1D58C85FBCE1}"
EndProject
Project("{FAE04EC0-301F-11D3-BF4B-00C04F79EFBC}") = "AdventOfCode.2020.Day15", "2020\AdventOfCode.2020.Day15\AdventOfCode.2020.Day15.csproj", "{A68D782A-73D0-41A5-9B80-1FFE8548E8AD}"
EndProject
Project("{FAE04EC0-301F-11D3-BF4B-00C04F79EFBC}") = "AdventOfCode.2020.Day16", "2020\AdventOfCode.2020.Day16\AdventOfCode.2020.Day16.csproj", "{B6D11457-0B88-4C87-90AF-B2E4B7FB6F9E}"
EndProject
Project("{FAE04EC0-301F-11D3-BF4B-00C04F79EFBC}") = "AdventOfCode.2020.Day17", "2020\AdventOfCode.2020.Day17\AdventOfCode.2020.Day17.csproj", "{7CCF4F0A-CDC0-4492-B600-D1AF864C88DF}"
EndProject
Project("{FAE04EC0-301F-11D3-BF4B-00C04F79EFBC}") = "AdventOfCode.2020.Day18", "2020\AdventOfCode.2020.Day18\AdventOfCode.2020.Day18.csproj", "{EF81C23E-8EB2-47DD-8C22-00A6852695B6}"
EndProject
Global
	GlobalSection(SolutionConfigurationPlatforms) = preSolution
		Debug|Any CPU = Debug|Any CPU
		Release|Any CPU = Release|Any CPU
	EndGlobalSection
	GlobalSection(NestedProjects) = preSolution
		{E1A02576-27E1-45E6-9A03-E1DAD5347AB1} = {17A72CE3-E1CA-42F1-904D-D9D8483A6F4A}
		{DD484A39-86A4-4FA4-9EE9-055753CAFD09} = {17A72CE3-E1CA-42F1-904D-D9D8483A6F4A}
		{5CF3DCE6-792A-4DF8-A1C5-9DC40119EBEF} = {17A72CE3-E1CA-42F1-904D-D9D8483A6F4A}
		{F465712F-B447-471D-92EF-44C223F7ED23} = {17A72CE3-E1CA-42F1-904D-D9D8483A6F4A}
		{49478F94-541C-48FC-8BBF-3D485397405E} = {17A72CE3-E1CA-42F1-904D-D9D8483A6F4A}
		{AEBBD328-3D2D-446E-9670-6F109BF3CEF1} = {17A72CE3-E1CA-42F1-904D-D9D8483A6F4A}
		{0D525530-E9AB-477D-A4B4-ED9952AAD029} = {17A72CE3-E1CA-42F1-904D-D9D8483A6F4A}
		{10EFACA9-2601-4034-B15B-5B084CCFB64B} = {17A72CE3-E1CA-42F1-904D-D9D8483A6F4A}
		{35E4A940-5614-4456-AD27-F9145668AE11} = {17A72CE3-E1CA-42F1-904D-D9D8483A6F4A}
		{9C98E959-9150-4BA5-85A6-CBEE0733E9A9} = {17A72CE3-E1CA-42F1-904D-D9D8483A6F4A}
		{C0898819-76A9-4D31-A55F-E0BB10A45366} = {17A72CE3-E1CA-42F1-904D-D9D8483A6F4A}
		{8E4D36C2-23B8-4003-AD23-4F87A4121AA8} = {17A72CE3-E1CA-42F1-904D-D9D8483A6F4A}
		{52B78DA2-6BA0-41F0-A8A6-A841B863A2F1} = {17A72CE3-E1CA-42F1-904D-D9D8483A6F4A}
		{0919EFA1-E66E-43C2-A385-1D58C85FBCE1} = {17A72CE3-E1CA-42F1-904D-D9D8483A6F4A}
		{A68D782A-73D0-41A5-9B80-1FFE8548E8AD} = {17A72CE3-E1CA-42F1-904D-D9D8483A6F4A}
		{B6D11457-0B88-4C87-90AF-B2E4B7FB6F9E} = {17A72CE3-E1CA-42F1-904D-D9D8483A6F4A}
		{7CCF4F0A-CDC0-4492-B600-D1AF864C88DF} = {17A72CE3-E1CA-42F1-904D-D9D8483A6F4A}
		{EF81C23E-8EB2-47DD-8C22-00A6852695B6} = {17A72CE3-E1CA-42F1-904D-D9D8483A6F4A}
	EndGlobalSection
	GlobalSection(ProjectConfigurationPlatforms) = postSolution
		{E1A02576-27E1-45E6-9A03-E1DAD5347AB1}.Debug|Any CPU.ActiveCfg = Debug|Any CPU
		{E1A02576-27E1-45E6-9A03-E1DAD5347AB1}.Debug|Any CPU.Build.0 = Debug|Any CPU
		{E1A02576-27E1-45E6-9A03-E1DAD5347AB1}.Release|Any CPU.ActiveCfg = Release|Any CPU
		{E1A02576-27E1-45E6-9A03-E1DAD5347AB1}.Release|Any CPU.Build.0 = Release|Any CPU
		{DD484A39-86A4-4FA4-9EE9-055753CAFD09}.Debug|Any CPU.ActiveCfg = Debug|Any CPU
		{DD484A39-86A4-4FA4-9EE9-055753CAFD09}.Debug|Any CPU.Build.0 = Debug|Any CPU
		{DD484A39-86A4-4FA4-9EE9-055753CAFD09}.Release|Any CPU.ActiveCfg = Release|Any CPU
		{DD484A39-86A4-4FA4-9EE9-055753CAFD09}.Release|Any CPU.Build.0 = Release|Any CPU
		{5CF3DCE6-792A-4DF8-A1C5-9DC40119EBEF}.Debug|Any CPU.ActiveCfg = Debug|Any CPU
		{5CF3DCE6-792A-4DF8-A1C5-9DC40119EBEF}.Debug|Any CPU.Build.0 = Debug|Any CPU
		{5CF3DCE6-792A-4DF8-A1C5-9DC40119EBEF}.Release|Any CPU.ActiveCfg = Release|Any CPU
		{5CF3DCE6-792A-4DF8-A1C5-9DC40119EBEF}.Release|Any CPU.Build.0 = Release|Any CPU
		{F465712F-B447-471D-92EF-44C223F7ED23}.Debug|Any CPU.ActiveCfg = Debug|Any CPU
		{F465712F-B447-471D-92EF-44C223F7ED23}.Debug|Any CPU.Build.0 = Debug|Any CPU
		{F465712F-B447-471D-92EF-44C223F7ED23}.Release|Any CPU.ActiveCfg = Release|Any CPU
		{F465712F-B447-471D-92EF-44C223F7ED23}.Release|Any CPU.Build.0 = Release|Any CPU
		{49478F94-541C-48FC-8BBF-3D485397405E}.Debug|Any CPU.ActiveCfg = Debug|Any CPU
		{49478F94-541C-48FC-8BBF-3D485397405E}.Debug|Any CPU.Build.0 = Debug|Any CPU
		{49478F94-541C-48FC-8BBF-3D485397405E}.Release|Any CPU.ActiveCfg = Release|Any CPU
		{49478F94-541C-48FC-8BBF-3D485397405E}.Release|Any CPU.Build.0 = Release|Any CPU
		{AEBBD328-3D2D-446E-9670-6F109BF3CEF1}.Debug|Any CPU.ActiveCfg = Debug|Any CPU
		{AEBBD328-3D2D-446E-9670-6F109BF3CEF1}.Debug|Any CPU.Build.0 = Debug|Any CPU
		{AEBBD328-3D2D-446E-9670-6F109BF3CEF1}.Release|Any CPU.ActiveCfg = Release|Any CPU
		{AEBBD328-3D2D-446E-9670-6F109BF3CEF1}.Release|Any CPU.Build.0 = Release|Any CPU
		{0D525530-E9AB-477D-A4B4-ED9952AAD029}.Debug|Any CPU.ActiveCfg = Debug|Any CPU
		{0D525530-E9AB-477D-A4B4-ED9952AAD029}.Debug|Any CPU.Build.0 = Debug|Any CPU
		{0D525530-E9AB-477D-A4B4-ED9952AAD029}.Release|Any CPU.ActiveCfg = Release|Any CPU
		{0D525530-E9AB-477D-A4B4-ED9952AAD029}.Release|Any CPU.Build.0 = Release|Any CPU
		{10EFACA9-2601-4034-B15B-5B084CCFB64B}.Debug|Any CPU.ActiveCfg = Debug|Any CPU
		{10EFACA9-2601-4034-B15B-5B084CCFB64B}.Debug|Any CPU.Build.0 = Debug|Any CPU
		{10EFACA9-2601-4034-B15B-5B084CCFB64B}.Release|Any CPU.ActiveCfg = Release|Any CPU
		{10EFACA9-2601-4034-B15B-5B084CCFB64B}.Release|Any CPU.Build.0 = Release|Any CPU
		{35E4A940-5614-4456-AD27-F9145668AE11}.Debug|Any CPU.ActiveCfg = Debug|Any CPU
		{35E4A940-5614-4456-AD27-F9145668AE11}.Debug|Any CPU.Build.0 = Debug|Any CPU
		{35E4A940-5614-4456-AD27-F9145668AE11}.Release|Any CPU.ActiveCfg = Release|Any CPU
		{35E4A940-5614-4456-AD27-F9145668AE11}.Release|Any CPU.Build.0 = Release|Any CPU
		{9C98E959-9150-4BA5-85A6-CBEE0733E9A9}.Debug|Any CPU.ActiveCfg = Debug|Any CPU
		{9C98E959-9150-4BA5-85A6-CBEE0733E9A9}.Debug|Any CPU.Build.0 = Debug|Any CPU
		{9C98E959-9150-4BA5-85A6-CBEE0733E9A9}.Release|Any CPU.ActiveCfg = Release|Any CPU
		{9C98E959-9150-4BA5-85A6-CBEE0733E9A9}.Release|Any CPU.Build.0 = Release|Any CPU
		{C0898819-76A9-4D31-A55F-E0BB10A45366}.Debug|Any CPU.ActiveCfg = Debug|Any CPU
		{C0898819-76A9-4D31-A55F-E0BB10A45366}.Debug|Any CPU.Build.0 = Debug|Any CPU
		{C0898819-76A9-4D31-A55F-E0BB10A45366}.Release|Any CPU.ActiveCfg = Release|Any CPU
		{C0898819-76A9-4D31-A55F-E0BB10A45366}.Release|Any CPU.Build.0 = Release|Any CPU
		{8E4D36C2-23B8-4003-AD23-4F87A4121AA8}.Debug|Any CPU.ActiveCfg = Debug|Any CPU
		{8E4D36C2-23B8-4003-AD23-4F87A4121AA8}.Debug|Any CPU.Build.0 = Debug|Any CPU
		{8E4D36C2-23B8-4003-AD23-4F87A4121AA8}.Release|Any CPU.ActiveCfg = Release|Any CPU
		{8E4D36C2-23B8-4003-AD23-4F87A4121AA8}.Release|Any CPU.Build.0 = Release|Any CPU
		{52B78DA2-6BA0-41F0-A8A6-A841B863A2F1}.Debug|Any CPU.ActiveCfg = Debug|Any CPU
		{52B78DA2-6BA0-41F0-A8A6-A841B863A2F1}.Debug|Any CPU.Build.0 = Debug|Any CPU
		{52B78DA2-6BA0-41F0-A8A6-A841B863A2F1}.Release|Any CPU.ActiveCfg = Release|Any CPU
		{52B78DA2-6BA0-41F0-A8A6-A841B863A2F1}.Release|Any CPU.Build.0 = Release|Any CPU
		{0919EFA1-E66E-43C2-A385-1D58C85FBCE1}.Debug|Any CPU.ActiveCfg = Debug|Any CPU
		{0919EFA1-E66E-43C2-A385-1D58C85FBCE1}.Debug|Any CPU.Build.0 = Debug|Any CPU
		{0919EFA1-E66E-43C2-A385-1D58C85FBCE1}.Release|Any CPU.ActiveCfg = Release|Any CPU
		{0919EFA1-E66E-43C2-A385-1D58C85FBCE1}.Release|Any CPU.Build.0 = Release|Any CPU
		{A68D782A-73D0-41A5-9B80-1FFE8548E8AD}.Debug|Any CPU.ActiveCfg = Debug|Any CPU
		{A68D782A-73D0-41A5-9B80-1FFE8548E8AD}.Debug|Any CPU.Build.0 = Debug|Any CPU
		{A68D782A-73D0-41A5-9B80-1FFE8548E8AD}.Release|Any CPU.ActiveCfg = Release|Any CPU
		{A68D782A-73D0-41A5-9B80-1FFE8548E8AD}.Release|Any CPU.Build.0 = Release|Any CPU
		{B6D11457-0B88-4C87-90AF-B2E4B7FB6F9E}.Debug|Any CPU.ActiveCfg = Debug|Any CPU
		{B6D11457-0B88-4C87-90AF-B2E4B7FB6F9E}.Debug|Any CPU.Build.0 = Debug|Any CPU
		{B6D11457-0B88-4C87-90AF-B2E4B7FB6F9E}.Release|Any CPU.ActiveCfg = Release|Any CPU
		{B6D11457-0B88-4C87-90AF-B2E4B7FB6F9E}.Release|Any CPU.Build.0 = Release|Any CPU
		{7CCF4F0A-CDC0-4492-B600-D1AF864C88DF}.Debug|Any CPU.ActiveCfg = Debug|Any CPU
		{7CCF4F0A-CDC0-4492-B600-D1AF864C88DF}.Debug|Any CPU.Build.0 = Debug|Any CPU
		{7CCF4F0A-CDC0-4492-B600-D1AF864C88DF}.Release|Any CPU.ActiveCfg = Release|Any CPU
		{7CCF4F0A-CDC0-4492-B600-D1AF864C88DF}.Release|Any CPU.Build.0 = Release|Any CPU
		{EF81C23E-8EB2-47DD-8C22-00A6852695B6}.Debug|Any CPU.ActiveCfg = Debug|Any CPU
		{EF81C23E-8EB2-47DD-8C22-00A6852695B6}.Debug|Any CPU.Build.0 = Debug|Any CPU
		{EF81C23E-8EB2-47DD-8C22-00A6852695B6}.Release|Any CPU.ActiveCfg = Release|Any CPU
		{EF81C23E-8EB2-47DD-8C22-00A6852695B6}.Release|Any CPU.Build.0 = Release|Any CPU
	EndGlobalSection
EndGlobal
